
Microsoft Visual Studio Solution File, Format Version 12.00
# Visual Studio 15
VisualStudioVersion = 15.0.26228.4
MinimumVisualStudioVersion = 10.0.40219.1
Project("{FAE04EC0-301F-11D3-BF4B-00C04F79EFBC}") = "HTMLScreensaver", "HTMLScreensaver\HTMLScreensaver.csproj", "{600D3E37-D444-4559-BC7A-CDE3AEAE0391}"
EndProject
Project("{FAE04EC0-301F-11D3-BF4B-00C04F79EFBC}") = "HTMLScreensaver.Models", "HTMLScreensaver.Models\HTMLScreensaver.Models.csproj", "{6939F140-8E49-449F-A0DF-485CE7D35CF9}"
EndProject
Project("{FAE04EC0-301F-11D3-BF4B-00C04F79EFBC}") = "HTMLScreensaver.ViewModels", "HTMLScreensaver.ViewModels\HTMLScreensaver.ViewModels.csproj", "{9153DE89-3556-4381-AFBA-55FA8F865D51}"
EndProject
Project("{FAE04EC0-301F-11D3-BF4B-00C04F79EFBC}") = "HTMLScreenSaver.Views", "HTMLScreensaver.Views\HTMLScreenSaver.Views.csproj", "{233BD8E9-7623-439C-9D56-BBEB543B7E06}"
EndProject
Project("{FAE04EC0-301F-11D3-BF4B-00C04F79EFBC}") = "HTMLScreensaver.Controllers", "HTMLScreensaver.Controllers\HTMLScreensaver.Controllers.csproj", "{36EBE2BF-BE2D-447C-AE31-057A06B20C0B}"
EndProject
Project("{FAE04EC0-301F-11D3-BF4B-00C04F79EFBC}") = "HTMLScreensaver.Services", "HTMLScreensaver.Services\HTMLScreensaver.Services.csproj", "{5DB142BE-63B3-4D6F-96F5-94C38E3EC3C9}"
EndProject
Global
	GlobalSection(SolutionConfigurationPlatforms) = preSolution
		Debug|Any CPU = Debug|Any CPU
		Debug|x64 = Debug|x64
		Debug|x86 = Debug|x86
		Release|Any CPU = Release|Any CPU
		Release|x64 = Release|x64
		Release|x86 = Release|x86
	EndGlobalSection
	GlobalSection(ProjectConfigurationPlatforms) = postSolution
		{600D3E37-D444-4559-BC7A-CDE3AEAE0391}.Debug|Any CPU.ActiveCfg = Debug|Any CPU
		{600D3E37-D444-4559-BC7A-CDE3AEAE0391}.Debug|Any CPU.Build.0 = Debug|Any CPU
		{600D3E37-D444-4559-BC7A-CDE3AEAE0391}.Debug|x64.ActiveCfg = Debug|x64
		{600D3E37-D444-4559-BC7A-CDE3AEAE0391}.Debug|x64.Build.0 = Debug|x64
		{600D3E37-D444-4559-BC7A-CDE3AEAE0391}.Debug|x86.ActiveCfg = Debug|x86
		{600D3E37-D444-4559-BC7A-CDE3AEAE0391}.Debug|x86.Build.0 = Debug|x86
		{600D3E37-D444-4559-BC7A-CDE3AEAE0391}.Release|Any CPU.ActiveCfg = Release|Any CPU
		{600D3E37-D444-4559-BC7A-CDE3AEAE0391}.Release|Any CPU.Build.0 = Release|Any CPU
		{600D3E37-D444-4559-BC7A-CDE3AEAE0391}.Release|x64.ActiveCfg = Release|Any CPU
		{600D3E37-D444-4559-BC7A-CDE3AEAE0391}.Release|x64.Build.0 = Release|Any CPU
		{600D3E37-D444-4559-BC7A-CDE3AEAE0391}.Release|x86.ActiveCfg = Release|Any CPU
		{600D3E37-D444-4559-BC7A-CDE3AEAE0391}.Release|x86.Build.0 = Release|Any CPU
		{6939F140-8E49-449F-A0DF-485CE7D35CF9}.Debug|Any CPU.ActiveCfg = Debug|Any CPU
		{6939F140-8E49-449F-A0DF-485CE7D35CF9}.Debug|Any CPU.Build.0 = Debug|Any CPU
		{6939F140-8E49-449F-A0DF-485CE7D35CF9}.Debug|x64.ActiveCfg = Debug|x64
		{6939F140-8E49-449F-A0DF-485CE7D35CF9}.Debug|x64.Build.0 = Debug|x64
		{6939F140-8E49-449F-A0DF-485CE7D35CF9}.Debug|x86.ActiveCfg = Debug|x86
		{6939F140-8E49-449F-A0DF-485CE7D35CF9}.Debug|x86.Build.0 = Debug|x86
		{6939F140-8E49-449F-A0DF-485CE7D35CF9}.Release|Any CPU.ActiveCfg = Release|Any CPU
		{6939F140-8E49-449F-A0DF-485CE7D35CF9}.Release|Any CPU.Build.0 = Release|Any CPU
		{6939F140-8E49-449F-A0DF-485CE7D35CF9}.Release|x64.ActiveCfg = Release|Any CPU
		{6939F140-8E49-449F-A0DF-485CE7D35CF9}.Release|x64.Build.0 = Release|Any CPU
		{6939F140-8E49-449F-A0DF-485CE7D35CF9}.Release|x86.ActiveCfg = Release|Any CPU
		{6939F140-8E49-449F-A0DF-485CE7D35CF9}.Release|x86.Build.0 = Release|Any CPU
		{9153DE89-3556-4381-AFBA-55FA8F865D51}.Debug|Any CPU.ActiveCfg = Debug|Any CPU
		{9153DE89-3556-4381-AFBA-55FA8F865D51}.Debug|Any CPU.Build.0 = Debug|Any CPU
		{9153DE89-3556-4381-AFBA-55FA8F865D51}.Debug|x64.ActiveCfg = Debug|x64
		{9153DE89-3556-4381-AFBA-55FA8F865D51}.Debug|x64.Build.0 = Debug|x64
		{9153DE89-3556-4381-AFBA-55FA8F865D51}.Debug|x86.ActiveCfg = Debug|x86
		{9153DE89-3556-4381-AFBA-55FA8F865D51}.Debug|x86.Build.0 = Debug|x86
		{9153DE89-3556-4381-AFBA-55FA8F865D51}.Release|Any CPU.ActiveCfg = Release|Any CPU
		{9153DE89-3556-4381-AFBA-55FA8F865D51}.Release|Any CPU.Build.0 = Release|Any CPU
		{9153DE89-3556-4381-AFBA-55FA8F865D51}.Release|x64.ActiveCfg = Release|Any CPU
		{9153DE89-3556-4381-AFBA-55FA8F865D51}.Release|x64.Build.0 = Release|Any CPU
		{9153DE89-3556-4381-AFBA-55FA8F865D51}.Release|x86.ActiveCfg = Release|Any CPU
		{9153DE89-3556-4381-AFBA-55FA8F865D51}.Release|x86.Build.0 = Release|Any CPU
		{233BD8E9-7623-439C-9D56-BBEB543B7E06}.Debug|Any CPU.ActiveCfg = Debug|Any CPU
		{233BD8E9-7623-439C-9D56-BBEB543B7E06}.Debug|Any CPU.Build.0 = Debug|Any CPU
		{233BD8E9-7623-439C-9D56-BBEB543B7E06}.Debug|x64.ActiveCfg = Debug|x64
		{233BD8E9-7623-439C-9D56-BBEB543B7E06}.Debug|x64.Build.0 = Debug|x64
		{233BD8E9-7623-439C-9D56-BBEB543B7E06}.Debug|x86.ActiveCfg = Debug|x86
		{233BD8E9-7623-439C-9D56-BBEB543B7E06}.Debug|x86.Build.0 = Debug|x86
		{233BD8E9-7623-439C-9D56-BBEB543B7E06}.Release|Any CPU.ActiveCfg = Release|Any CPU
		{233BD8E9-7623-439C-9D56-BBEB543B7E06}.Release|Any CPU.Build.0 = Release|Any CPU
		{233BD8E9-7623-439C-9D56-BBEB543B7E06}.Release|x64.ActiveCfg = Release|Any CPU
		{233BD8E9-7623-439C-9D56-BBEB543B7E06}.Release|x64.Build.0 = Release|Any CPU
		{233BD8E9-7623-439C-9D56-BBEB543B7E06}.Release|x86.ActiveCfg = Release|Any CPU
		{233BD8E9-7623-439C-9D56-BBEB543B7E06}.Release|x86.Build.0 = Release|Any CPU
		{36EBE2BF-BE2D-447C-AE31-057A06B20C0B}.Debug|Any CPU.ActiveCfg = Debug|Any CPU
		{36EBE2BF-BE2D-447C-AE31-057A06B20C0B}.Debug|Any CPU.Build.0 = Debug|Any CPU
		{36EBE2BF-BE2D-447C-AE31-057A06B20C0B}.Debug|x64.ActiveCfg = Debug|x64
		{36EBE2BF-BE2D-447C-AE31-057A06B20C0B}.Debug|x64.Build.0 = Debug|x64
		{36EBE2BF-BE2D-447C-AE31-057A06B20C0B}.Debug|x86.ActiveCfg = Debug|x86
		{36EBE2BF-BE2D-447C-AE31-057A06B20C0B}.Debug|x86.Build.0 = Debug|x86
		{36EBE2BF-BE2D-447C-AE31-057A06B20C0B}.Release|Any CPU.ActiveCfg = Release|Any CPU
		{36EBE2BF-BE2D-447C-AE31-057A06B20C0B}.Release|Any CPU.Build.0 = Release|Any CPU
		{36EBE2BF-BE2D-447C-AE31-057A06B20C0B}.Release|x64.ActiveCfg = Release|Any CPU
		{36EBE2BF-BE2D-447C-AE31-057A06B20C0B}.Release|x64.Build.0 = Release|Any CPU
		{36EBE2BF-BE2D-447C-AE31-057A06B20C0B}.Release|x86.ActiveCfg = Release|Any CPU
		{36EBE2BF-BE2D-447C-AE31-057A06B20C0B}.Release|x86.Build.0 = Release|Any CPU
		{5DB142BE-63B3-4D6F-96F5-94C38E3EC3C9}.Debug|Any CPU.ActiveCfg = Debug|Any CPU
		{5DB142BE-63B3-4D6F-96F5-94C38E3EC3C9}.Debug|Any CPU.Build.0 = Debug|Any CPU
		{5DB142BE-63B3-4D6F-96F5-94C38E3EC3C9}.Debug|x64.ActiveCfg = Debug|x64
		{5DB142BE-63B3-4D6F-96F5-94C38E3EC3C9}.Debug|x64.Build.0 = Debug|x64
		{5DB142BE-63B3-4D6F-96F5-94C38E3EC3C9}.Debug|x86.ActiveCfg = Debug|x86
		{5DB142BE-63B3-4D6F-96F5-94C38E3EC3C9}.Debug|x86.Build.0 = Debug|x86
		{5DB142BE-63B3-4D6F-96F5-94C38E3EC3C9}.Release|Any CPU.ActiveCfg = Release|Any CPU
		{5DB142BE-63B3-4D6F-96F5-94C38E3EC3C9}.Release|Any CPU.Build.0 = Release|Any CPU
		{5DB142BE-63B3-4D6F-96F5-94C38E3EC3C9}.Release|x64.ActiveCfg = Release|Any CPU
		{5DB142BE-63B3-4D6F-96F5-94C38E3EC3C9}.Release|x64.Build.0 = Release|Any CPU
		{5DB142BE-63B3-4D6F-96F5-94C38E3EC3C9}.Release|x86.ActiveCfg = Release|Any CPU
		{5DB142BE-63B3-4D6F-96F5-94C38E3EC3C9}.Release|x86.Build.0 = Release|Any CPU
	EndGlobalSection
	GlobalSection(SolutionProperties) = preSolution
		HideSolutionNode = FALSE
	EndGlobalSection
EndGlobal
